
Microsoft Visual Studio Solution File, Format Version 12.00
# Visual Studio Version 16
VisualStudioVersion = 25.0.1704.1
MinimumVisualStudioVersion = 10.0.40219.1
Project("{FAE04EC0-301F-11D3-BF4B-00C04F79EFBC}") = "hw4point", "hw4point\hw4point.csproj", "{727704DB-9195-4273-8200-F5512EE44A04}"
EndProject
Global
	GlobalSection(SolutionConfigurationPlatforms) = preSolution
		Debug|Any CPU = Debug|Any CPU
		Release|Any CPU = Release|Any CPU
	EndGlobalSection
	GlobalSection(ProjectConfigurationPlatforms) = postSolution
		{727704DB-9195-4273-8200-F5512EE44A04}.Debug|Any CPU.ActiveCfg = Debug|Any CPU
		{727704DB-9195-4273-8200-F5512EE44A04}.Debug|Any CPU.Build.0 = Debug|Any CPU
		{727704DB-9195-4273-8200-F5512EE44A04}.Release|Any CPU.ActiveCfg = Release|Any CPU
		{727704DB-9195-4273-8200-F5512EE44A04}.Release|Any CPU.Build.0 = Release|Any CPU
	EndGlobalSection
	GlobalSection(SolutionProperties) = preSolution
		HideSolutionNode = FALSE
	EndGlobalSection
	GlobalSection(ExtensibilityGlobals) = postSolution
		SolutionGuid = {189617D8-4F92-477E-9A34-47486AAB28AF}
	EndGlobalSection
EndGlobal
